
Microsoft Visual Studio Solution File, Format Version 12.00
# Visual Studio Version 17
VisualStudioVersion = 17.11.35303.130
MinimumVisualStudioVersion = 10.0.40219.1
Project("{FAE04EC0-301F-11D3-BF4B-00C04F79EFBC}") = "potokPraktos", "potokPraktos\potokPraktos.csproj", "{F7E0182E-CDA0-4AF2-8267-4BC107C6BBED}"
EndProject
Global
	GlobalSection(SolutionConfigurationPlatforms) = preSolution
		Debug|Any CPU = Debug|Any CPU
		Release|Any CPU = Release|Any CPU
	EndGlobalSection
	GlobalSection(ProjectConfigurationPlatforms) = postSolution
		{F7E0182E-CDA0-4AF2-8267-4BC107C6BBED}.Debug|Any CPU.ActiveCfg = Debug|Any CPU
		{F7E0182E-CDA0-4AF2-8267-4BC107C6BBED}.Debug|Any CPU.Build.0 = Debug|Any CPU
		{F7E0182E-CDA0-4AF2-8267-4BC107C6BBED}.Release|Any CPU.ActiveCfg = Release|Any CPU
		{F7E0182E-CDA0-4AF2-8267-4BC107C6BBED}.Release|Any CPU.Build.0 = Release|Any CPU
	EndGlobalSection
	GlobalSection(SolutionProperties) = preSolution
		HideSolutionNode = FALSE
	EndGlobalSection
	GlobalSection(ExtensibilityGlobals) = postSolution
		SolutionGuid = {AF2310CC-423C-4333-954F-565C564E6DB1}
	EndGlobalSection
EndGlobal
